
Microsoft Visual Studio Solution File, Format Version 12.00
# Visual Studio 2013
VisualStudioVersion = 12.0.40629.0
MinimumVisualStudioVersion = 10.0.40219.1
Project("{8BC9CEB8-8B4A-11D0-8D11-00A0C91BC942}") = "DsLuaGame", "DsLuaGame\DsLuaGame.vcxproj", "{5744DBDA-1C3F-46C2-8962-3A86B2BDF197}"
EndProject
Project("{8BC9CEB8-8B4A-11D0-8D11-00A0C91BC942}") = "LuaLib", "LuaLib\LuaLib.vcxproj", "{73FE27C3-9AE2-44C6-9C16-27EBB5DAD873}"
EndProject
Project("{8BC9CEB8-8B4A-11D0-8D11-00A0C91BC942}") = "LuaSocketLib", "LuaSocketLib\LuaSocketLib.vcxproj", "{AE5FB533-BC7E-4AB5-8EC8-E356D43AFDC3}"
EndProject
Global
	GlobalSection(SolutionConfigurationPlatforms) = preSolution
		Debug|Mixed Platforms = Debug|Mixed Platforms
		Debug|Win32 = Debug|Win32
		Debug|x64 = Debug|x64
		Release|Mixed Platforms = Release|Mixed Platforms
		Release|Win32 = Release|Win32
		Release|x64 = Release|x64
	EndGlobalSection
	GlobalSection(ProjectConfigurationPlatforms) = postSolution
		{5744DBDA-1C3F-46C2-8962-3A86B2BDF197}.Debug|Mixed Platforms.ActiveCfg = Debug|x64
		{5744DBDA-1C3F-46C2-8962-3A86B2BDF197}.Debug|Mixed Platforms.Build.0 = Debug|x64
		{5744DBDA-1C3F-46C2-8962-3A86B2BDF197}.Debug|Win32.ActiveCfg = Debug|x64
		{5744DBDA-1C3F-46C2-8962-3A86B2BDF197}.Debug|Win32.Build.0 = Debug|x64
		{5744DBDA-1C3F-46C2-8962-3A86B2BDF197}.Debug|x64.ActiveCfg = Debug|x64
		{5744DBDA-1C3F-46C2-8962-3A86B2BDF197}.Debug|x64.Deploy.0 = Debug|x64
		{5744DBDA-1C3F-46C2-8962-3A86B2BDF197}.Release|Mixed Platforms.ActiveCfg = Release|Win32
		{5744DBDA-1C3F-46C2-8962-3A86B2BDF197}.Release|Mixed Platforms.Build.0 = Release|Win32
		{5744DBDA-1C3F-46C2-8962-3A86B2BDF197}.Release|Win32.ActiveCfg = Release|Win32
		{5744DBDA-1C3F-46C2-8962-3A86B2BDF197}.Release|Win32.Build.0 = Release|Win32
		{5744DBDA-1C3F-46C2-8962-3A86B2BDF197}.Release|x64.ActiveCfg = Release|Win32
		{73FE27C3-9AE2-44C6-9C16-27EBB5DAD873}.Debug|Mixed Platforms.ActiveCfg = Debug|x64
		{73FE27C3-9AE2-44C6-9C16-27EBB5DAD873}.Debug|Mixed Platforms.Build.0 = Debug|x64
		{73FE27C3-9AE2-44C6-9C16-27EBB5DAD873}.Debug|Win32.ActiveCfg = Debug|x64
		{73FE27C3-9AE2-44C6-9C16-27EBB5DAD873}.Debug|Win32.Build.0 = Debug|x64
		{73FE27C3-9AE2-44C6-9C16-27EBB5DAD873}.Debug|x64.ActiveCfg = Debug|x64
		{73FE27C3-9AE2-44C6-9C16-27EBB5DAD873}.Release|Mixed Platforms.ActiveCfg = Release|Win32
		{73FE27C3-9AE2-44C6-9C16-27EBB5DAD873}.Release|Mixed Platforms.Build.0 = Release|Win32
		{73FE27C3-9AE2-44C6-9C16-27EBB5DAD873}.Release|Win32.ActiveCfg = Release|Win32
		{73FE27C3-9AE2-44C6-9C16-27EBB5DAD873}.Release|Win32.Build.0 = Release|Win32
		{73FE27C3-9AE2-44C6-9C16-27EBB5DAD873}.Release|x64.ActiveCfg = Release|Win32
		{AE5FB533-BC7E-4AB5-8EC8-E356D43AFDC3}.Debug|Mixed Platforms.ActiveCfg = Debug|Win32
		{AE5FB533-BC7E-4AB5-8EC8-E356D43AFDC3}.Debug|Mixed Platforms.Build.0 = Debug|Win32
		{AE5FB533-BC7E-4AB5-8EC8-E356D43AFDC3}.Debug|Win32.ActiveCfg = Debug|Win32
		{AE5FB533-BC7E-4AB5-8EC8-E356D43AFDC3}.Debug|Win32.Build.0 = Debug|Win32
		{AE5FB533-BC7E-4AB5-8EC8-E356D43AFDC3}.Debug|x64.ActiveCfg = Debug|x64
		{AE5FB533-BC7E-4AB5-8EC8-E356D43AFDC3}.Debug|x64.Build.0 = Debug|x64
		{AE5FB533-BC7E-4AB5-8EC8-E356D43AFDC3}.Release|Mixed Platforms.ActiveCfg = Release|Win32
		{AE5FB533-BC7E-4AB5-8EC8-E356D43AFDC3}.Release|Mixed Platforms.Build.0 = Release|Win32
		{AE5FB533-BC7E-4AB5-8EC8-E356D43AFDC3}.Release|Win32.ActiveCfg = Release|Win32
		{AE5FB533-BC7E-4AB5-8EC8-E356D43AFDC3}.Release|Win32.Build.0 = Release|Win32
		{AE5FB533-BC7E-4AB5-8EC8-E356D43AFDC3}.Release|x64.ActiveCfg = Release|x64
		{AE5FB533-BC7E-4AB5-8EC8-E356D43AFDC3}.Release|x64.Build.0 = Release|x64
	EndGlobalSection
	GlobalSection(SolutionProperties) = preSolution
		HideSolutionNode = FALSE
	EndGlobalSection
EndGlobal
